
Microsoft Visual Studio Solution File, Format Version 12.00
# Visual Studio 15
VisualStudioVersion = 15.0.28307.168
MinimumVisualStudioVersion = 10.0.40219.1
Project("{FAE04EC0-301F-11D3-BF4B-00C04F79EFBC}") = "Internship", "Internship\Internship.csproj", "{581871AE-044F-4409-8EB4-B0F60B1F1F90}"
EndProject
Global
	GlobalSection(SolutionConfigurationPlatforms) = preSolution
		Debug|Any CPU = Debug|Any CPU
		Release|Any CPU = Release|Any CPU
	EndGlobalSection
	GlobalSection(ProjectConfigurationPlatforms) = postSolution
		{581871AE-044F-4409-8EB4-B0F60B1F1F90}.Debug|Any CPU.ActiveCfg = Debug|Any CPU
		{581871AE-044F-4409-8EB4-B0F60B1F1F90}.Debug|Any CPU.Build.0 = Debug|Any CPU
		{581871AE-044F-4409-8EB4-B0F60B1F1F90}.Release|Any CPU.ActiveCfg = Release|Any CPU
		{581871AE-044F-4409-8EB4-B0F60B1F1F90}.Release|Any CPU.Build.0 = Release|Any CPU
	EndGlobalSection
	GlobalSection(SolutionProperties) = preSolution
		HideSolutionNode = FALSE
	EndGlobalSection
	GlobalSection(ExtensibilityGlobals) = postSolution
		SolutionGuid = {87F6B811-8AA4-4C8F-8005-8BA7D3CA153D}
	EndGlobalSection
EndGlobal
